<?xml version="1.0" encoding="UTF-8" standalone="yes" ?>
<CodeBlocks_project_file>
	<FileVersion major="1" minor="6" />
	<Project>
		<Option title="GCV-3.6.1-T4" />
		<Option pch_mode="2" />
		<Option compiler="gcc" />
		<Option show_notes="0">
			<notes>
				<![CDATA[Grbl Controller Visualizer : GCV
with QT4]]>
			</notes>
		</Option>
		<Build>
			<Target title="Release">
				<Option output="cons/GrblController" prefix_auto="1" extension_auto="1" />
				<Option object_output="obj/" />
				<Option type="1" />
				<Option compiler="gcc" />
				<Option use_console_runner="0" />
				<Compiler>
					<Add option="-O2" />
					<Add option="-std=c++98" />
					<Add directory="$(#qt4.include/QtCore/private " />
					<Add directory="include" />
				</Compiler>
				<Linker>
					<Add option="-s" />
					<Add library="Qtmain" />
					<Add library="QtGui4" />
					<Add library="QtCore4" />
					<Add library="QtOpenGl4" />
					<Add library="QGlViewer2" />
					<Add directory="." />
				</Linker>
			</Target>
			<Target title="Debug">
				<Option output="cons/Debug/GrblContoller" prefix_auto="1" extension_auto="1" />
				<Option object_output="obj/Debug/" />
				<Option type="1" />
				<Option compiler="gcc" />
				<Compiler>
					<Add option="-g" />
					<Add directory="include" />
				</Compiler>
				<Linker>
					<Add library="Qtmaind" />
					<Add library="QtGuid4" />
					<Add library="QtCored4" />
					<Add library="QtOpenGld4" />
					<Add library="QGlViewerd2" />
				</Linker>
			</Target>
			<Target title="infos">
				<Option platforms="" />
				<Option type="4" />
				<Option compiler="gcc" />
				<Compiler>
					<Add option="-g" />
					<Add directory="include" />
				</Compiler>
				<Linker>
					<Add library="Qtmaind" />
					<Add library="QtGuid4" />
					<Add library="QtCored4" />
					<Add library="qextserialportd1" />
					<Add directory="qextserialportd" />
				</Linker>
			</Target>
			<Target title="qtserial">
				<Option platforms="Windows;" />
				<Option output="qtserial" prefix_auto="1" extension_auto="1" />
				<Option working_dir="" />
				<Option type="2" />
				<Option compiler="gcc" />
				<Option createDefFile="1" />
				<Compiler>
					<Add option="-DQESP_NO_QT4_PRIVATE" />
					<Add directory="$(#qt4.include/QtCore/private " />
					<Add directory="include" />
				</Compiler>
				<Linker>
					<Add library="QtCore4" />
				</Linker>
			</Target>
			<Target title="cleanWin">
				<Option type="4" />
				<Option compiler="gcc" />
				<Option projectIncludeDirsRelation="1" />
				<Compiler>
					<Add option="none" />
					<Add directory="src" />
					<Add directory="include" />
				</Compiler>
				<Linker>
					<Add directory="." />
				</Linker>
				<ExtraCommands>
					<Add before="cmd /C clean.bat" />
					<Mode after="always" />
				</ExtraCommands>
			</Target>
			<Target title="makeWin">
				<Option type="4" />
				<Option compiler="gcc" />
				<Option projectIncludeDirsRelation="1" />
				<Compiler>
					<Add option="none" />
					<Add directory="src" />
					<Add directory="include" />
				</Compiler>
				<Linker>
					<Add directory="." />
				</Linker>
				<ExtraCommands>
					<Add before="cmd /C mw.bat" />
					<Add after="cmd /C src\release\GrblController.exe" />
					<Mode after="always" />
				</ExtraCommands>
			</Target>
			<Target title="translate">
				<Option type="4" />
				<Option compiler="gcc" />
				<Option projectIncludeDirsRelation="1" />
				<Compiler>
					<Add option="none" />
					<Add directory="src" />
					<Add directory="include" />
				</Compiler>
				<Linker>
					<Add directory="." />
				</Linker>
				<ExtraCommands>
					<Add before="cmd /C translate.bat &gt;&gt; res.txt" />
					<Mode after="always" />
				</ExtraCommands>
			</Target>
		</Build>
		<Compiler>
			<Add option="-Wextra" />
			<Add option="-Wall" />
			<Add option="-c" />
			<Add option="-frtti" />
			<Add option="-fexceptions" />
			<Add option="-mthreads" />
			<Add option="-DWINVER=0x0501" />
			<Add option="-DUNICODE" />
			<Add option="-DQT_LARGEFILE_SUPPORT" />
			<Add option="-DQT_DEBUG" />
			<Add option="-DQT_GUI_LIB" />
			<Add option="-DQT_CORE_LIB" />
			<Add option="-DQT_HAVE_MMX" />
			<Add option="-DQT_HAVE_3DNOW" />
			<Add option="-DQT_HAVE_SSE" />
			<Add option="-DQT_HAVE_MMXEXT" />
			<Add option="-DQT_HAVE_SSE2" />
			<Add option="-DQT_THREAD_SUPPORT" />
			<Add option="-DQT_NEEDS_QMAIN" />
			<Add directory="src" />
			<Add directory="src/log4qt" />
			<Add directory="src/log4qt/spi" />
			<Add directory="src/log4qt/helpers" />
			<Add directory="src/log4qt/varia" />
			<Add directory="src/QextSerialPort" />
			<Add directory="$(#qt4.include)/QtCore" />
			<Add directory="$(#qt4.include)/QtGui" />
			<Add directory="$(#qt4.include)/QtXml" />
			<Add directory="$(#qt4.include)/QtOpenGl" />
			<Add directory="$(#qt4.include)" />
			<Add directory="$(#qt4.include)/ActiveQt" />
			<Add directory="$(#qt4)/mkspecs/win32-g++" />
			<Add directory="qtprebuild/" />
		</Compiler>
		<ResourceCompiler>
			<Add directory="src" />
		</ResourceCompiler>
		<Linker>
			<Add option="--enable-stdcall-fixup" />
			<Add option="--enable-auto-import" />
			<Add option="--enable-runtime-pseudo-reloc" />
			<Add option="-mconsole" />
			<Add option="-mthreads" />
			<Add option="-mwindows" />
			<Add library="mingw32" />
			<Add library="setupapi" />
			<Add library="advapi32" />
			<Add library="user32" />
			<Add library="glu32" />
			<Add library="opengl32" />
			<Add directory="$(#qt4.lib)" />
		</Linker>
		<Unit filename="README">
			<Option target="infos" />
		</Unit>
		<Unit filename="buildWin.txt">
			<Option target="infos" />
		</Unit>
		<Unit filename="error.txt">
			<Option target="infos" />
		</Unit>
		<Unit filename="execute.bat">
			<Option target="infos" />
		</Unit>
		<Unit filename="fic/bosses.nc">
			<Option target="infos" />
		</Unit>
		<Unit filename="fic/circle100mm.nc">
			<Option target="infos" />
		</Unit>
		<Unit filename="fic/ellipses3.nc">
			<Option target="infos" />
		</Unit>
		<Unit filename="idée.txt">
			<Option target="infos" />
		</Unit>
		<Unit filename="infos/GCV-3.6.1-T4.his">
			<Option target="infos" />
		</Unit>
		<Unit filename="makeWin.bat">
			<Option target="infos" />
			<Option target="makeWin" />
			<Option target="cleanWin" />
		</Unit>
		<Unit filename="src/GcodeSenderGUIthreads.pro">
			<Option target="infos" />
		</Unit>
		<Unit filename="src/GrblController.qrc">
			<Option target="Release" />
			<Option target="Debug" />
		</Unit>
		<Unit filename="src/QextSerialPort/qextserialenumerator.cpp">
			<Option target="Release" />
			<Option target="Debug" />
		</Unit>
		<Unit filename="src/QextSerialPort/qextserialenumerator.h">
			<Option target="Release" />
			<Option target="Debug" />
		</Unit>
		<Unit filename="src/QextSerialPort/qextserialenumerator_p.h">
			<Option target="Release" />
			<Option target="Debug" />
		</Unit>
		<Unit filename="src/QextSerialPort/qextserialenumerator_win.cpp">
			<Option target="Release" />
			<Option target="Debug" />
		</Unit>
		<Unit filename="src/QextSerialPort/qextserialport.cpp">
			<Option target="Release" />
			<Option target="Debug" />
		</Unit>
		<Unit filename="src/QextSerialPort/qextserialport.h">
			<Option target="Release" />
			<Option target="Debug" />
		</Unit>
		<Unit filename="src/QextSerialPort/qextserialport.pri">
			<Option target="Release" />
			<Option target="Debug" />
		</Unit>
		<Unit filename="src/QextSerialPort/qextserialport_global.h">
			<Option target="Release" />
			<Option target="Debug" />
		</Unit>
		<Unit filename="src/QextSerialPort/qextserialport_win.cpp">
			<Option target="Release" />
			<Option target="Debug" />
		</Unit>
		<Unit filename="src/README">
			<Option target="infos" />
		</Unit>
		<Unit filename="src/about.cpp">
			<Option target="Release" />
			<Option target="Debug" />
		</Unit>
		<Unit filename="src/about.h">
			<Option target="Release" />
			<Option target="Debug" />
		</Unit>
		<Unit filename="src/arcitem.cpp">
			<Option target="Release" />
			<Option target="Debug" />
		</Unit>
		<Unit filename="src/arcitem.h">
			<Option target="Release" />
			<Option target="Debug" />
		</Unit>
		<Unit filename="src/atomicintbool.cpp">
			<Option target="Release" />
			<Option target="Debug" />
		</Unit>
		<Unit filename="src/atomicintbool.h">
			<Option target="Release" />
			<Option target="Debug" />
		</Unit>
		<Unit filename="src/controlparams.cpp">
			<Option target="Release" />
			<Option target="Debug" />
		</Unit>
		<Unit filename="src/controlparams.h">
			<Option target="Release" />
			<Option target="Debug" />
		</Unit>
		<Unit filename="src/coord3d.cpp">
			<Option target="Release" />
			<Option target="Debug" />
		</Unit>
		<Unit filename="src/coord3d.h">
			<Option target="Release" />
			<Option target="Debug" />
		</Unit>
		<Unit filename="src/definitions.h">
			<Option target="Release" />
			<Option target="Debug" />
		</Unit>
		<Unit filename="src/forms/about.ui">
			<Option target="Release" />
			<Option target="Debug" />
		</Unit>
		<Unit filename="src/forms/grbldialog.ui">
			<Option target="Release" />
			<Option target="Debug" />
		</Unit>
		<Unit filename="src/forms/mainwindow.ui">
			<Option target="Release" />
			<Option target="Debug" />
		</Unit>
		<Unit filename="src/forms/options.ui">
			<Option target="Release" />
			<Option target="Debug" />
		</Unit>
		<Unit filename="src/gcode.cpp">
			<Option target="Release" />
			<Option target="Debug" />
		</Unit>
		<Unit filename="src/gcode.h">
			<Option target="Release" />
			<Option target="Debug" />
		</Unit>
		<Unit filename="src/grbl.ico">
			<Option target="Release" />
			<Option target="Debug" />
		</Unit>
		<Unit filename="src/grbl.rc">
			<Option compilerVar="WINDRES" />
			<Option target="Release" />
			<Option target="Debug" />
		</Unit>
		<Unit filename="src/grbldialog.cpp">
			<Option target="Release" />
			<Option target="Debug" />
		</Unit>
		<Unit filename="src/grbldialog.h">
			<Option target="Release" />
			<Option target="Debug" />
		</Unit>
		<Unit filename="src/images.rcc">
			<Option target="Release" />
			<Option target="Debug" />
		</Unit>
		<Unit filename="src/itemtobase.cpp">
			<Option target="Release" />
			<Option target="Debug" />
		</Unit>
		<Unit filename="src/itemtobase.h">
			<Option target="Release" />
			<Option target="Debug" />
		</Unit>
		<Unit filename="src/lineitem.cpp">
			<Option target="Release" />
			<Option target="Debug" />
		</Unit>
		<Unit filename="src/lineitem.h">
			<Option target="Release" />
			<Option target="Debug" />
		</Unit>
		<Unit filename="src/log4qt/appender.h">
			<Option target="Release" />
			<Option target="Debug" />
		</Unit>
		<Unit filename="src/log4qt/appenderskeleton.cpp">
			<Option target="Release" />
			<Option target="Debug" />
		</Unit>
		<Unit filename="src/log4qt/appenderskeleton.h">
			<Option target="Release" />
			<Option target="Debug" />
		</Unit>
		<Unit filename="src/log4qt/basicconfigurator.cpp">
			<Option target="Release" />
			<Option target="Debug" />
		</Unit>
		<Unit filename="src/log4qt/basicconfigurator.h">
			<Option target="Release" />
			<Option target="Debug" />
		</Unit>
		<Unit filename="src/log4qt/consoleappender.cpp">
			<Option target="Release" />
			<Option target="Debug" />
		</Unit>
		<Unit filename="src/log4qt/consoleappender.h">
			<Option target="Release" />
			<Option target="Debug" />
		</Unit>
		<Unit filename="src/log4qt/dailyrollingfileappender.cpp">
			<Option target="Release" />
			<Option target="Debug" />
		</Unit>
		<Unit filename="src/log4qt/dailyrollingfileappender.h">
			<Option target="Release" />
			<Option target="Debug" />
		</Unit>
		<Unit filename="src/log4qt/fileappender.cpp">
			<Option target="Release" />
			<Option target="Debug" />
		</Unit>
		<Unit filename="src/log4qt/fileappender.h">
			<Option target="Release" />
			<Option target="Debug" />
		</Unit>
		<Unit filename="src/log4qt/helpers/classlogger.cpp">
			<Option target="Release" />
			<Option target="Debug" />
		</Unit>
		<Unit filename="src/log4qt/helpers/classlogger.h">
			<Option target="Release" />
			<Option target="Debug" />
		</Unit>
		<Unit filename="src/log4qt/helpers/configuratorhelper.cpp">
			<Option target="Release" />
			<Option target="Debug" />
		</Unit>
		<Unit filename="src/log4qt/helpers/configuratorhelper.h">
			<Option target="Release" />
			<Option target="Debug" />
		</Unit>
		<Unit filename="src/log4qt/helpers/datetime.cpp">
			<Option target="Release" />
			<Option target="Debug" />
		</Unit>
		<Unit filename="src/log4qt/helpers/datetime.h">
			<Option target="Release" />
			<Option target="Debug" />
		</Unit>
		<Unit filename="src/log4qt/helpers/factory.cpp">
			<Option target="Release" />
			<Option target="Debug" />
		</Unit>
		<Unit filename="src/log4qt/helpers/factory.h">
			<Option target="Release" />
			<Option target="Debug" />
		</Unit>
		<Unit filename="src/log4qt/helpers/initialisationhelper.cpp">
			<Option target="Release" />
			<Option target="Debug" />
		</Unit>
		<Unit filename="src/log4qt/helpers/initialisationhelper.h">
			<Option target="Release" />
			<Option target="Debug" />
		</Unit>
		<Unit filename="src/log4qt/helpers/logerror.cpp">
			<Option target="Release" />
			<Option target="Debug" />
		</Unit>
		<Unit filename="src/log4qt/helpers/logerror.h">
			<Option target="Release" />
			<Option target="Debug" />
		</Unit>
		<Unit filename="src/log4qt/helpers/logobject.cpp">
			<Option target="Release" />
			<Option target="Debug" />
		</Unit>
		<Unit filename="src/log4qt/helpers/logobject.h">
			<Option target="Release" />
			<Option target="Debug" />
		</Unit>
		<Unit filename="src/log4qt/helpers/logobjectptr.cpp">
			<Option target="Release" />
			<Option target="Debug" />
		</Unit>
		<Unit filename="src/log4qt/helpers/logobjectptr.h">
			<Option target="Release" />
			<Option target="Debug" />
		</Unit>
		<Unit filename="src/log4qt/helpers/optionconverter.cpp">
			<Option target="Release" />
			<Option target="Debug" />
		</Unit>
		<Unit filename="src/log4qt/helpers/optionconverter.h">
			<Option target="Release" />
			<Option target="Debug" />
		</Unit>
		<Unit filename="src/log4qt/helpers/patternformatter.cpp">
			<Option target="Release" />
			<Option target="Debug" />
		</Unit>
		<Unit filename="src/log4qt/helpers/patternformatter.h">
			<Option target="Release" />
			<Option target="Debug" />
		</Unit>
		<Unit filename="src/log4qt/helpers/properties.cpp">
			<Option target="Release" />
			<Option target="Debug" />
		</Unit>
		<Unit filename="src/log4qt/helpers/properties.h">
			<Option target="Release" />
			<Option target="Debug" />
		</Unit>
		<Unit filename="src/log4qt/hierarchy.cpp">
			<Option target="Release" />
			<Option target="Debug" />
		</Unit>
		<Unit filename="src/log4qt/hierarchy.h">
			<Option target="Release" />
			<Option target="Debug" />
		</Unit>
		<Unit filename="src/log4qt/layout.cpp">
			<Option target="Release" />
			<Option target="Debug" />
		</Unit>
		<Unit filename="src/log4qt/layout.h">
			<Option target="Release" />
			<Option target="Debug" />
		</Unit>
		<Unit filename="src/log4qt/level.cpp">
			<Option target="Release" />
			<Option target="Debug" />
		</Unit>
		<Unit filename="src/log4qt/level.h">
			<Option target="Release" />
			<Option target="Debug" />
		</Unit>
		<Unit filename="src/log4qt/log4qt.cpp">
			<Option target="Release" />
			<Option target="Debug" />
		</Unit>
		<Unit filename="src/log4qt/log4qt.h">
			<Option target="Release" />
			<Option target="Debug" />
		</Unit>
		<Unit filename="src/log4qt/logger.cpp">
			<Option target="Release" />
			<Option target="Debug" />
		</Unit>
		<Unit filename="src/log4qt/logger.h">
			<Option target="Release" />
			<Option target="Debug" />
		</Unit>
		<Unit filename="src/log4qt/loggerrepository.cpp">
			<Option target="Release" />
			<Option target="Debug" />
		</Unit>
		<Unit filename="src/log4qt/loggerrepository.h">
			<Option target="Release" />
			<Option target="Debug" />
		</Unit>
		<Unit filename="src/log4qt/loggingevent.cpp">
			<Option target="Release" />
			<Option target="Debug" />
		</Unit>
		<Unit filename="src/log4qt/loggingevent.h">
			<Option target="Release" />
			<Option target="Debug" />
		</Unit>
		<Unit filename="src/log4qt/logmanager.cpp">
			<Option target="Release" />
			<Option target="Debug" />
		</Unit>
		<Unit filename="src/log4qt/logmanager.h">
			<Option target="Release" />
			<Option target="Debug" />
		</Unit>
		<Unit filename="src/log4qt/mdc.cpp">
			<Option target="Release" />
			<Option target="Debug" />
		</Unit>
		<Unit filename="src/log4qt/mdc.h">
			<Option target="Release" />
			<Option target="Debug" />
		</Unit>
		<Unit filename="src/log4qt/ndc.cpp">
			<Option target="Release" />
			<Option target="Debug" />
		</Unit>
		<Unit filename="src/log4qt/ndc.h">
			<Option target="Release" />
			<Option target="Debug" />
		</Unit>
		<Unit filename="src/log4qt/patternlayout.cpp">
			<Option target="Release" />
			<Option target="Debug" />
		</Unit>
		<Unit filename="src/log4qt/patternlayout.h">
			<Option target="Release" />
			<Option target="Debug" />
		</Unit>
		<Unit filename="src/log4qt/propertyconfigurator.cpp">
			<Option target="Release" />
			<Option target="Debug" />
		</Unit>
		<Unit filename="src/log4qt/propertyconfigurator.h">
			<Option target="Release" />
			<Option target="Debug" />
		</Unit>
		<Unit filename="src/log4qt/rollingfileappender.cpp">
			<Option target="Release" />
			<Option target="Debug" />
		</Unit>
		<Unit filename="src/log4qt/rollingfileappender.h">
			<Option target="Release" />
			<Option target="Debug" />
		</Unit>
		<Unit filename="src/log4qt/simplelayout.cpp">
			<Option target="Release" />
			<Option target="Debug" />
		</Unit>
		<Unit filename="src/log4qt/simplelayout.h">
			<Option target="Release" />
			<Option target="Debug" />
		</Unit>
		<Unit filename="src/log4qt/spi/filter.cpp">
			<Option target="Release" />
			<Option target="Debug" />
		</Unit>
		<Unit filename="src/log4qt/spi/filter.h">
			<Option target="Release" />
			<Option target="Debug" />
		</Unit>
		<Unit filename="src/log4qt/ttcclayout.cpp">
			<Option target="Release" />
			<Option target="Debug" />
		</Unit>
		<Unit filename="src/log4qt/ttcclayout.h">
			<Option target="Release" />
			<Option target="Debug" />
		</Unit>
		<Unit filename="src/log4qt/varia/debugappender.cpp">
			<Option target="Release" />
			<Option target="Debug" />
		</Unit>
		<Unit filename="src/log4qt/varia/debugappender.h">
			<Option target="Release" />
			<Option target="Debug" />
		</Unit>
		<Unit filename="src/log4qt/varia/denyallfilter.cpp">
			<Option target="Release" />
			<Option target="Debug" />
		</Unit>
		<Unit filename="src/log4qt/varia/denyallfilter.h">
			<Option target="Release" />
			<Option target="Debug" />
		</Unit>
		<Unit filename="src/log4qt/varia/levelmatchfilter.cpp">
			<Option target="Release" />
			<Option target="Debug" />
		</Unit>
		<Unit filename="src/log4qt/varia/levelmatchfilter.h">
			<Option target="Release" />
			<Option target="Debug" />
		</Unit>
		<Unit filename="src/log4qt/varia/levelrangefilter.cpp">
			<Option target="Release" />
			<Option target="Debug" />
		</Unit>
		<Unit filename="src/log4qt/varia/levelrangefilter.h">
			<Option target="Release" />
			<Option target="Debug" />
		</Unit>
		<Unit filename="src/log4qt/varia/listappender.cpp">
			<Option target="Release" />
			<Option target="Debug" />
		</Unit>
		<Unit filename="src/log4qt/varia/listappender.h">
			<Option target="Release" />
			<Option target="Debug" />
		</Unit>
		<Unit filename="src/log4qt/varia/nullappender.cpp">
			<Option target="Release" />
			<Option target="Debug" />
		</Unit>
		<Unit filename="src/log4qt/varia/nullappender.h">
			<Option target="Release" />
			<Option target="Debug" />
		</Unit>
		<Unit filename="src/log4qt/varia/stringmatchfilter.cpp">
			<Option target="Release" />
			<Option target="Debug" />
		</Unit>
		<Unit filename="src/log4qt/varia/stringmatchfilter.h">
			<Option target="Release" />
			<Option target="Debug" />
		</Unit>
		<Unit filename="src/log4qt/writerappender.cpp">
			<Option target="Release" />
			<Option target="Debug" />
		</Unit>
		<Unit filename="src/log4qt/writerappender.h">
			<Option target="Release" />
			<Option target="Debug" />
		</Unit>
		<Unit filename="src/log4qtdef.h">
			<Option target="Release" />
			<Option target="Debug" />
		</Unit>
		<Unit filename="src/main.cpp">
			<Option target="Release" />
			<Option target="Debug" />
		</Unit>
		<Unit filename="src/mainwindow.cpp">
			<Option target="Release" />
			<Option target="Debug" />
		</Unit>
		<Unit filename="src/mainwindow.h">
			<Option target="Release" />
			<Option target="Debug" />
		</Unit>
		<Unit filename="src/options.cpp">
			<Option target="Release" />
			<Option target="Debug" />
		</Unit>
		<Unit filename="src/options.h">
			<Option target="Release" />
			<Option target="Debug" />
		</Unit>
		<Unit filename="src/pointitem.cpp">
			<Option target="Release" />
			<Option target="Debug" />
		</Unit>
		<Unit filename="src/pointitem.h">
			<Option target="Release" />
			<Option target="Debug" />
		</Unit>
		<Unit filename="src/positem.cpp">
			<Option target="Release" />
			<Option target="Debug" />
		</Unit>
		<Unit filename="src/positem.h">
			<Option target="Release" />
			<Option target="Debug" />
		</Unit>
		<Unit filename="src/renderarea.cpp">
			<Option target="Release" />
			<Option target="Debug" />
		</Unit>
		<Unit filename="src/renderarea.h">
			<Option target="Release" />
			<Option target="Debug" />
		</Unit>
		<Unit filename="src/renderitemlist.cpp">
			<Option target="Release" />
			<Option target="Debug" />
		</Unit>
		<Unit filename="src/renderitemlist.h">
			<Option target="Release" />
			<Option target="Debug" />
		</Unit>
		<Unit filename="src/rs232.cpp">
			<Option target="Release" />
			<Option target="Debug" />
		</Unit>
		<Unit filename="src/rs232.h">
			<Option target="Release" />
			<Option target="Debug" />
		</Unit>
		<Unit filename="src/termiosext.h">
			<Option target="Release" />
			<Option target="Debug" />
		</Unit>
		<Unit filename="src/timer.cpp">
			<Option target="Release" />
			<Option target="Debug" />
		</Unit>
		<Unit filename="src/timer.h">
			<Option target="Release" />
			<Option target="Debug" />
		</Unit>
		<Unit filename="src/version.h">
			<Option target="Release" />
			<Option target="Debug" />
		</Unit>
		<Unit filename="src/visu3D/Arc3D.cpp">
			<Option target="Release" />
			<Option target="Debug" />
		</Unit>
		<Unit filename="src/visu3D/Arc3D.h">
			<Option target="Release" />
			<Option target="Debug" />
		</Unit>
		<Unit filename="src/visu3D/Line3D.cpp">
			<Option target="Release" />
			<Option target="Debug" />
		</Unit>
		<Unit filename="src/visu3D/Line3D.h">
			<Option target="Release" />
			<Option target="Debug" />
		</Unit>
		<Unit filename="src/visu3D/Point3D.cpp">
			<Option target="Release" />
			<Option target="Debug" />
		</Unit>
		<Unit filename="src/visu3D/Point3D.h">
			<Option target="Release" />
			<Option target="Debug" />
		</Unit>
		<Unit filename="src/visu3D/Tools3D.cpp">
			<Option target="Release" />
			<Option target="Debug" />
		</Unit>
		<Unit filename="src/visu3D/Tools3D.h">
			<Option target="Release" />
			<Option target="Debug" />
		</Unit>
		<Unit filename="src/visu3D/box3D.cpp">
			<Option target="Release" />
			<Option target="Debug" />
		</Unit>
		<Unit filename="src/visu3D/box3D.h">
			<Option target="Release" />
			<Option target="Debug" />
		</Unit>
		<Unit filename="src/visu3D/viewer3D.cpp">
			<Option target="Release" />
			<Option target="Debug" />
		</Unit>
		<Unit filename="src/visu3D/viewer3D.h">
			<Option target="Release" />
			<Option target="Debug" />
		</Unit>
		<Unit filename="translate.bat">
			<Option target="infos" />
		</Unit>
		<Extensions>
			<code_completion />
			<envvars />
			<debugger />
			<lib_finder disable_auto="1" />
			<DoxyBlocks>
				<comment_style block="0" line="0" />
				<doxyfile_project />
				<doxyfile_build />
				<doxyfile_warnings />
				<doxyfile_output />
				<doxyfile_dot />
				<general />
			</DoxyBlocks>
		</Extensions>
	</Project>
</CodeBlocks_project_file>
